
Microsoft Visual Studio Solution File, Format Version 12.00
# Visual Studio 2013
VisualStudioVersion = 12.0.21005.1
MinimumVisualStudioVersion = 10.0.40219.1
Project("{FAE04EC0-301F-11D3-BF4B-00C04F79EFBC}") = "Demo1", "Demo1\Demo1.csproj", "{72341A84-923F-4B0C-AD7D-756F479BD300}"
EndProject
Project("{FAE04EC0-301F-11D3-BF4B-00C04F79EFBC}") = "Demo2", "Demo2\Demo2.csproj", "{510E05A8-E642-48EB-BAF4-D392333CC07F}"
EndProject
Project("{FAE04EC0-301F-11D3-BF4B-00C04F79EFBC}") = "Demo3", "Demo3\Demo3.csproj", "{9A834E57-B841-4177-A0A2-3B41C6299D6A}"
EndProject
Project("{FAE04EC0-301F-11D3-BF4B-00C04F79EFBC}") = "Demo4", "Demo4\Demo4.csproj", "{C354F907-541C-4183-B679-BB6CF77A7651}"
EndProject
Project("{FAE04EC0-301F-11D3-BF4B-00C04F79EFBC}") = "Demo5", "Demo5\Demo5.csproj", "{E548893B-E465-4390-90A1-A727286B1017}"
EndProject
Project("{FAE04EC0-301F-11D3-BF4B-00C04F79EFBC}") = "Demo6", "Demo6\Demo6.csproj", "{B32E4691-DC52-4B97-A761-E571FDC9B555}"
EndProject
Project("{FAE04EC0-301F-11D3-BF4B-00C04F79EFBC}") = "Demo8", "Demo8\Demo8.csproj", "{707C0652-2CD7-403A-8202-A8E82B464CFA}"
EndProject
Project("{FAE04EC0-301F-11D3-BF4B-00C04F79EFBC}") = "Client10", "Demo10Solution\Client10\Client10.csproj", "{DF26DF31-0D07-475A-84EA-F42E5EBCB6AB}"
EndProject
Project("{FAE04EC0-301F-11D3-BF4B-00C04F79EFBC}") = "Library10", "Demo10Solution\Library10\Library10.csproj", "{870DC602-95C0-4AA5-BA50-535A4FF63AE6}"
EndProject
Project("{FAE04EC0-301F-11D3-BF4B-00C04F79EFBC}") = "SenderLibrary", "SenderLibrary\SenderLibrary.csproj", "{75D3259E-2B0C-4822-882A-70D7FCC014BC}"
EndProject
Project("{8BC9CEB8-8B4A-11D0-8D11-00A0C91BC942}") = "WIndowsLibrary", "WIndowsLibrary\WIndowsLibrary.vcxproj", "{F8CFBAA7-72AE-4CEF-A3F0-C36DEF9E27A2}"
EndProject
Project("{FAE04EC0-301F-11D3-BF4B-00C04F79EFBC}") = "AppDomain", "AppDomain\AppDomain.csproj", "{E99D0321-BAC4-4A98-A34D-05BCCF10198A}"
EndProject
Global
	GlobalSection(TeamFoundationVersionControl) = preSolution
		SccNumberOfProjects = 13
		SccEnterpriseProvider = {4CA58AB2-18FA-4F8D-95D4-32DDF27D184C}
		SccTeamFoundationServer = https://subhasishbiswas.visualstudio.com/defaultcollection
		SccLocalPath0 = .
		SccProjectUniqueName1 = AppDomain\\AppDomain.csproj
		SccProjectName1 = AppDomain
		SccLocalPath1 = AppDomain
		SccProjectUniqueName2 = Demo10Solution\\Client10\\Client10.csproj
		SccProjectName2 = Demo10Solution/Client10
		SccLocalPath2 = Demo10Solution\\Client10
		SccProjectUniqueName3 = Demo10Solution\\Library10\\Library10.csproj
		SccProjectName3 = Demo10Solution/Library10
		SccLocalPath3 = Demo10Solution\\Library10
		SccProjectUniqueName4 = Demo1\\Demo1.csproj
		SccProjectName4 = Demo1
		SccLocalPath4 = Demo1
		SccProjectUniqueName5 = Demo2\\Demo2.csproj
		SccProjectName5 = Demo2
		SccLocalPath5 = Demo2
		SccProjectUniqueName6 = Demo3\\Demo3.csproj
		SccProjectName6 = Demo3
		SccLocalPath6 = Demo3
		SccProjectUniqueName7 = Demo4\\Demo4.csproj
		SccProjectName7 = Demo4
		SccLocalPath7 = Demo4
		SccProjectUniqueName8 = Demo5\\Demo5.csproj
		SccProjectName8 = Demo5
		SccLocalPath8 = Demo5
		SccProjectUniqueName9 = Demo6\\Demo6.csproj
		SccProjectName9 = Demo6
		SccLocalPath9 = Demo6
		SccProjectUniqueName10 = Demo8\\Demo8.csproj
		SccProjectName10 = Demo8
		SccLocalPath10 = Demo8
		SccProjectUniqueName11 = SenderLibrary\\SenderLibrary.csproj
		SccProjectName11 = SenderLibrary
		SccLocalPath11 = SenderLibrary
		SccProjectUniqueName12 = WIndowsLibrary\\WIndowsLibrary.vcxproj
		SccProjectName12 = WIndowsLibrary
		SccLocalPath12 = WIndowsLibrary
	EndGlobalSection
	GlobalSection(SolutionConfigurationPlatforms) = preSolution
		Debug|Any CPU = Debug|Any CPU
		Debug|ARM = Debug|ARM
		Debug|Mixed Platforms = Debug|Mixed Platforms
		Debug|Win32 = Debug|Win32
		Debug|x64 = Debug|x64
		Release|Any CPU = Release|Any CPU
		Release|ARM = Release|ARM
		Release|Mixed Platforms = Release|Mixed Platforms
		Release|Win32 = Release|Win32
		Release|x64 = Release|x64
	EndGlobalSection
	GlobalSection(ProjectConfigurationPlatforms) = postSolution
		{72341A84-923F-4B0C-AD7D-756F479BD300}.Debug|Any CPU.ActiveCfg = Debug|Any CPU
		{72341A84-923F-4B0C-AD7D-756F479BD300}.Debug|Any CPU.Build.0 = Debug|Any CPU
		{72341A84-923F-4B0C-AD7D-756F479BD300}.Debug|ARM.ActiveCfg = Debug|Any CPU
		{72341A84-923F-4B0C-AD7D-756F479BD300}.Debug|Mixed Platforms.ActiveCfg = Debug|Any CPU
		{72341A84-923F-4B0C-AD7D-756F479BD300}.Debug|Mixed Platforms.Build.0 = Debug|Any CPU
		{72341A84-923F-4B0C-AD7D-756F479BD300}.Debug|Win32.ActiveCfg = Debug|Any CPU
		{72341A84-923F-4B0C-AD7D-756F479BD300}.Debug|x64.ActiveCfg = Debug|Any CPU
		{72341A84-923F-4B0C-AD7D-756F479BD300}.Release|Any CPU.ActiveCfg = Release|Any CPU
		{72341A84-923F-4B0C-AD7D-756F479BD300}.Release|Any CPU.Build.0 = Release|Any CPU
		{72341A84-923F-4B0C-AD7D-756F479BD300}.Release|ARM.ActiveCfg = Release|Any CPU
		{72341A84-923F-4B0C-AD7D-756F479BD300}.Release|Mixed Platforms.ActiveCfg = Release|Any CPU
		{72341A84-923F-4B0C-AD7D-756F479BD300}.Release|Mixed Platforms.Build.0 = Release|Any CPU
		{72341A84-923F-4B0C-AD7D-756F479BD300}.Release|Win32.ActiveCfg = Release|Any CPU
		{72341A84-923F-4B0C-AD7D-756F479BD300}.Release|x64.ActiveCfg = Release|Any CPU
		{510E05A8-E642-48EB-BAF4-D392333CC07F}.Debug|Any CPU.ActiveCfg = Debug|Any CPU
		{510E05A8-E642-48EB-BAF4-D392333CC07F}.Debug|Any CPU.Build.0 = Debug|Any CPU
		{510E05A8-E642-48EB-BAF4-D392333CC07F}.Debug|ARM.ActiveCfg = Debug|Any CPU
		{510E05A8-E642-48EB-BAF4-D392333CC07F}.Debug|Mixed Platforms.ActiveCfg = Debug|Any CPU
		{510E05A8-E642-48EB-BAF4-D392333CC07F}.Debug|Mixed Platforms.Build.0 = Debug|Any CPU
		{510E05A8-E642-48EB-BAF4-D392333CC07F}.Debug|Win32.ActiveCfg = Debug|Any CPU
		{510E05A8-E642-48EB-BAF4-D392333CC07F}.Debug|x64.ActiveCfg = Debug|Any CPU
		{510E05A8-E642-48EB-BAF4-D392333CC07F}.Release|Any CPU.ActiveCfg = Release|Any CPU
		{510E05A8-E642-48EB-BAF4-D392333CC07F}.Release|Any CPU.Build.0 = Release|Any CPU
		{510E05A8-E642-48EB-BAF4-D392333CC07F}.Release|ARM.ActiveCfg = Release|Any CPU
		{510E05A8-E642-48EB-BAF4-D392333CC07F}.Release|Mixed Platforms.ActiveCfg = Release|Any CPU
		{510E05A8-E642-48EB-BAF4-D392333CC07F}.Release|Mixed Platforms.Build.0 = Release|Any CPU
		{510E05A8-E642-48EB-BAF4-D392333CC07F}.Release|Win32.ActiveCfg = Release|Any CPU
		{510E05A8-E642-48EB-BAF4-D392333CC07F}.Release|x64.ActiveCfg = Release|Any CPU
		{9A834E57-B841-4177-A0A2-3B41C6299D6A}.Debug|Any CPU.ActiveCfg = Debug|Any CPU
		{9A834E57-B841-4177-A0A2-3B41C6299D6A}.Debug|Any CPU.Build.0 = Debug|Any CPU
		{9A834E57-B841-4177-A0A2-3B41C6299D6A}.Debug|ARM.ActiveCfg = Debug|Any CPU
		{9A834E57-B841-4177-A0A2-3B41C6299D6A}.Debug|Mixed Platforms.ActiveCfg = Debug|Any CPU
		{9A834E57-B841-4177-A0A2-3B41C6299D6A}.Debug|Mixed Platforms.Build.0 = Debug|Any CPU
		{9A834E57-B841-4177-A0A2-3B41C6299D6A}.Debug|Win32.ActiveCfg = Debug|Any CPU
		{9A834E57-B841-4177-A0A2-3B41C6299D6A}.Debug|x64.ActiveCfg = Debug|Any CPU
		{9A834E57-B841-4177-A0A2-3B41C6299D6A}.Release|Any CPU.ActiveCfg = Release|Any CPU
		{9A834E57-B841-4177-A0A2-3B41C6299D6A}.Release|Any CPU.Build.0 = Release|Any CPU
		{9A834E57-B841-4177-A0A2-3B41C6299D6A}.Release|ARM.ActiveCfg = Release|Any CPU
		{9A834E57-B841-4177-A0A2-3B41C6299D6A}.Release|Mixed Platforms.ActiveCfg = Release|Any CPU
		{9A834E57-B841-4177-A0A2-3B41C6299D6A}.Release|Mixed Platforms.Build.0 = Release|Any CPU
		{9A834E57-B841-4177-A0A2-3B41C6299D6A}.Release|Win32.ActiveCfg = Release|Any CPU
		{9A834E57-B841-4177-A0A2-3B41C6299D6A}.Release|x64.ActiveCfg = Release|Any CPU
		{C354F907-541C-4183-B679-BB6CF77A7651}.Debug|Any CPU.ActiveCfg = Debug|Any CPU
		{C354F907-541C-4183-B679-BB6CF77A7651}.Debug|Any CPU.Build.0 = Debug|Any CPU
		{C354F907-541C-4183-B679-BB6CF77A7651}.Debug|ARM.ActiveCfg = Debug|Any CPU
		{C354F907-541C-4183-B679-BB6CF77A7651}.Debug|Mixed Platforms.ActiveCfg = Debug|Any CPU
		{C354F907-541C-4183-B679-BB6CF77A7651}.Debug|Mixed Platforms.Build.0 = Debug|Any CPU
		{C354F907-541C-4183-B679-BB6CF77A7651}.Debug|Win32.ActiveCfg = Debug|Any CPU
		{C354F907-541C-4183-B679-BB6CF77A7651}.Debug|x64.ActiveCfg = Debug|Any CPU
		{C354F907-541C-4183-B679-BB6CF77A7651}.Release|Any CPU.ActiveCfg = Release|Any CPU
		{C354F907-541C-4183-B679-BB6CF77A7651}.Release|Any CPU.Build.0 = Release|Any CPU
		{C354F907-541C-4183-B679-BB6CF77A7651}.Release|ARM.ActiveCfg = Release|Any CPU
		{C354F907-541C-4183-B679-BB6CF77A7651}.Release|Mixed Platforms.ActiveCfg = Release|Any CPU
		{C354F907-541C-4183-B679-BB6CF77A7651}.Release|Mixed Platforms.Build.0 = Release|Any CPU
		{C354F907-541C-4183-B679-BB6CF77A7651}.Release|Win32.ActiveCfg = Release|Any CPU
		{C354F907-541C-4183-B679-BB6CF77A7651}.Release|x64.ActiveCfg = Release|Any CPU
		{E548893B-E465-4390-90A1-A727286B1017}.Debug|Any CPU.ActiveCfg = Debug|Any CPU
		{E548893B-E465-4390-90A1-A727286B1017}.Debug|Any CPU.Build.0 = Debug|Any CPU
		{E548893B-E465-4390-90A1-A727286B1017}.Debug|ARM.ActiveCfg = Debug|Any CPU
		{E548893B-E465-4390-90A1-A727286B1017}.Debug|Mixed Platforms.ActiveCfg = Debug|Any CPU
		{E548893B-E465-4390-90A1-A727286B1017}.Debug|Mixed Platforms.Build.0 = Debug|Any CPU
		{E548893B-E465-4390-90A1-A727286B1017}.Debug|Win32.ActiveCfg = Debug|Any CPU
		{E548893B-E465-4390-90A1-A727286B1017}.Debug|x64.ActiveCfg = Debug|Any CPU
		{E548893B-E465-4390-90A1-A727286B1017}.Release|Any CPU.ActiveCfg = Release|Any CPU
		{E548893B-E465-4390-90A1-A727286B1017}.Release|Any CPU.Build.0 = Release|Any CPU
		{E548893B-E465-4390-90A1-A727286B1017}.Release|ARM.ActiveCfg = Release|Any CPU
		{E548893B-E465-4390-90A1-A727286B1017}.Release|Mixed Platforms.ActiveCfg = Release|Any CPU
		{E548893B-E465-4390-90A1-A727286B1017}.Release|Mixed Platforms.Build.0 = Release|Any CPU
		{E548893B-E465-4390-90A1-A727286B1017}.Release|Win32.ActiveCfg = Release|Any CPU
		{E548893B-E465-4390-90A1-A727286B1017}.Release|x64.ActiveCfg = Release|Any CPU
		{B32E4691-DC52-4B97-A761-E571FDC9B555}.Debug|Any CPU.ActiveCfg = Debug|Any CPU
		{B32E4691-DC52-4B97-A761-E571FDC9B555}.Debug|Any CPU.Build.0 = Debug|Any CPU
		{B32E4691-DC52-4B97-A761-E571FDC9B555}.Debug|ARM.ActiveCfg = Debug|Any CPU
		{B32E4691-DC52-4B97-A761-E571FDC9B555}.Debug|Mixed Platforms.ActiveCfg = Debug|Any CPU
		{B32E4691-DC52-4B97-A761-E571FDC9B555}.Debug|Mixed Platforms.Build.0 = Debug|Any CPU
		{B32E4691-DC52-4B97-A761-E571FDC9B555}.Debug|Win32.ActiveCfg = Debug|Any CPU
		{B32E4691-DC52-4B97-A761-E571FDC9B555}.Debug|x64.ActiveCfg = Debug|Any CPU
		{B32E4691-DC52-4B97-A761-E571FDC9B555}.Release|Any CPU.ActiveCfg = Release|Any CPU
		{B32E4691-DC52-4B97-A761-E571FDC9B555}.Release|Any CPU.Build.0 = Release|Any CPU
		{B32E4691-DC52-4B97-A761-E571FDC9B555}.Release|ARM.ActiveCfg = Release|Any CPU
		{B32E4691-DC52-4B97-A761-E571FDC9B555}.Release|Mixed Platforms.ActiveCfg = Release|Any CPU
		{B32E4691-DC52-4B97-A761-E571FDC9B555}.Release|Mixed Platforms.Build.0 = Release|Any CPU
		{B32E4691-DC52-4B97-A761-E571FDC9B555}.Release|Win32.ActiveCfg = Release|Any CPU
		{B32E4691-DC52-4B97-A761-E571FDC9B555}.Release|x64.ActiveCfg = Release|Any CPU
		{707C0652-2CD7-403A-8202-A8E82B464CFA}.Debug|Any CPU.ActiveCfg = Debug|Any CPU
		{707C0652-2CD7-403A-8202-A8E82B464CFA}.Debug|Any CPU.Build.0 = Debug|Any CPU
		{707C0652-2CD7-403A-8202-A8E82B464CFA}.Debug|ARM.ActiveCfg = Debug|Any CPU
		{707C0652-2CD7-403A-8202-A8E82B464CFA}.Debug|Mixed Platforms.ActiveCfg = Debug|Any CPU
		{707C0652-2CD7-403A-8202-A8E82B464CFA}.Debug|Mixed Platforms.Build.0 = Debug|Any CPU
		{707C0652-2CD7-403A-8202-A8E82B464CFA}.Debug|Win32.ActiveCfg = Debug|Any CPU
		{707C0652-2CD7-403A-8202-A8E82B464CFA}.Debug|x64.ActiveCfg = Debug|Any CPU
		{707C0652-2CD7-403A-8202-A8E82B464CFA}.Release|Any CPU.ActiveCfg = Release|Any CPU
		{707C0652-2CD7-403A-8202-A8E82B464CFA}.Release|Any CPU.Build.0 = Release|Any CPU
		{707C0652-2CD7-403A-8202-A8E82B464CFA}.Release|ARM.ActiveCfg = Release|Any CPU
		{707C0652-2CD7-403A-8202-A8E82B464CFA}.Release|Mixed Platforms.ActiveCfg = Release|Any CPU
		{707C0652-2CD7-403A-8202-A8E82B464CFA}.Release|Mixed Platforms.Build.0 = Release|Any CPU
		{707C0652-2CD7-403A-8202-A8E82B464CFA}.Release|Win32.ActiveCfg = Release|Any CPU
		{707C0652-2CD7-403A-8202-A8E82B464CFA}.Release|x64.ActiveCfg = Release|Any CPU
		{DF26DF31-0D07-475A-84EA-F42E5EBCB6AB}.Debug|Any CPU.ActiveCfg = Debug|Any CPU
		{DF26DF31-0D07-475A-84EA-F42E5EBCB6AB}.Debug|Any CPU.Build.0 = Debug|Any CPU
		{DF26DF31-0D07-475A-84EA-F42E5EBCB6AB}.Debug|ARM.ActiveCfg = Debug|Any CPU
		{DF26DF31-0D07-475A-84EA-F42E5EBCB6AB}.Debug|Mixed Platforms.ActiveCfg = Debug|Any CPU
		{DF26DF31-0D07-475A-84EA-F42E5EBCB6AB}.Debug|Mixed Platforms.Build.0 = Debug|Any CPU
		{DF26DF31-0D07-475A-84EA-F42E5EBCB6AB}.Debug|Win32.ActiveCfg = Debug|Any CPU
		{DF26DF31-0D07-475A-84EA-F42E5EBCB6AB}.Debug|x64.ActiveCfg = Debug|Any CPU
		{DF26DF31-0D07-475A-84EA-F42E5EBCB6AB}.Release|Any CPU.ActiveCfg = Release|Any CPU
		{DF26DF31-0D07-475A-84EA-F42E5EBCB6AB}.Release|Any CPU.Build.0 = Release|Any CPU
		{DF26DF31-0D07-475A-84EA-F42E5EBCB6AB}.Release|ARM.ActiveCfg = Release|Any CPU
		{DF26DF31-0D07-475A-84EA-F42E5EBCB6AB}.Release|Mixed Platforms.ActiveCfg = Release|Any CPU
		{DF26DF31-0D07-475A-84EA-F42E5EBCB6AB}.Release|Mixed Platforms.Build.0 = Release|Any CPU
		{DF26DF31-0D07-475A-84EA-F42E5EBCB6AB}.Release|Win32.ActiveCfg = Release|Any CPU
		{DF26DF31-0D07-475A-84EA-F42E5EBCB6AB}.Release|x64.ActiveCfg = Release|Any CPU
		{870DC602-95C0-4AA5-BA50-535A4FF63AE6}.Debug|Any CPU.ActiveCfg = Debug|Any CPU
		{870DC602-95C0-4AA5-BA50-535A4FF63AE6}.Debug|Any CPU.Build.0 = Debug|Any CPU
		{870DC602-95C0-4AA5-BA50-535A4FF63AE6}.Debug|ARM.ActiveCfg = Debug|Any CPU
		{870DC602-95C0-4AA5-BA50-535A4FF63AE6}.Debug|Mixed Platforms.ActiveCfg = Debug|Any CPU
		{870DC602-95C0-4AA5-BA50-535A4FF63AE6}.Debug|Mixed Platforms.Build.0 = Debug|Any CPU
		{870DC602-95C0-4AA5-BA50-535A4FF63AE6}.Debug|Win32.ActiveCfg = Debug|Any CPU
		{870DC602-95C0-4AA5-BA50-535A4FF63AE6}.Debug|x64.ActiveCfg = Debug|Any CPU
		{870DC602-95C0-4AA5-BA50-535A4FF63AE6}.Release|Any CPU.ActiveCfg = Release|Any CPU
		{870DC602-95C0-4AA5-BA50-535A4FF63AE6}.Release|Any CPU.Build.0 = Release|Any CPU
		{870DC602-95C0-4AA5-BA50-535A4FF63AE6}.Release|ARM.ActiveCfg = Release|Any CPU
		{870DC602-95C0-4AA5-BA50-535A4FF63AE6}.Release|Mixed Platforms.ActiveCfg = Release|Any CPU
		{870DC602-95C0-4AA5-BA50-535A4FF63AE6}.Release|Mixed Platforms.Build.0 = Release|Any CPU
		{870DC602-95C0-4AA5-BA50-535A4FF63AE6}.Release|Win32.ActiveCfg = Release|Any CPU
		{870DC602-95C0-4AA5-BA50-535A4FF63AE6}.Release|x64.ActiveCfg = Release|Any CPU
		{75D3259E-2B0C-4822-882A-70D7FCC014BC}.Debug|Any CPU.ActiveCfg = Debug|Any CPU
		{75D3259E-2B0C-4822-882A-70D7FCC014BC}.Debug|Any CPU.Build.0 = Debug|Any CPU
		{75D3259E-2B0C-4822-882A-70D7FCC014BC}.Debug|ARM.ActiveCfg = Debug|Any CPU
		{75D3259E-2B0C-4822-882A-70D7FCC014BC}.Debug|Mixed Platforms.ActiveCfg = Debug|Any CPU
		{75D3259E-2B0C-4822-882A-70D7FCC014BC}.Debug|Mixed Platforms.Build.0 = Debug|Any CPU
		{75D3259E-2B0C-4822-882A-70D7FCC014BC}.Debug|Win32.ActiveCfg = Debug|Any CPU
		{75D3259E-2B0C-4822-882A-70D7FCC014BC}.Debug|x64.ActiveCfg = Debug|Any CPU
		{75D3259E-2B0C-4822-882A-70D7FCC014BC}.Release|Any CPU.ActiveCfg = Release|Any CPU
		{75D3259E-2B0C-4822-882A-70D7FCC014BC}.Release|Any CPU.Build.0 = Release|Any CPU
		{75D3259E-2B0C-4822-882A-70D7FCC014BC}.Release|ARM.ActiveCfg = Release|Any CPU
		{75D3259E-2B0C-4822-882A-70D7FCC014BC}.Release|Mixed Platforms.ActiveCfg = Release|Any CPU
		{75D3259E-2B0C-4822-882A-70D7FCC014BC}.Release|Mixed Platforms.Build.0 = Release|Any CPU
		{75D3259E-2B0C-4822-882A-70D7FCC014BC}.Release|Win32.ActiveCfg = Release|Any CPU
		{75D3259E-2B0C-4822-882A-70D7FCC014BC}.Release|x64.ActiveCfg = Release|Any CPU
		{F8CFBAA7-72AE-4CEF-A3F0-C36DEF9E27A2}.Debug|Any CPU.ActiveCfg = Debug|Win32
		{F8CFBAA7-72AE-4CEF-A3F0-C36DEF9E27A2}.Debug|ARM.ActiveCfg = Debug|ARM
		{F8CFBAA7-72AE-4CEF-A3F0-C36DEF9E27A2}.Debug|ARM.Build.0 = Debug|ARM
		{F8CFBAA7-72AE-4CEF-A3F0-C36DEF9E27A2}.Debug|Mixed Platforms.ActiveCfg = Debug|Win32
		{F8CFBAA7-72AE-4CEF-A3F0-C36DEF9E27A2}.Debug|Mixed Platforms.Build.0 = Debug|Win32
		{F8CFBAA7-72AE-4CEF-A3F0-C36DEF9E27A2}.Debug|Win32.ActiveCfg = Debug|Win32
		{F8CFBAA7-72AE-4CEF-A3F0-C36DEF9E27A2}.Debug|Win32.Build.0 = Debug|Win32
		{F8CFBAA7-72AE-4CEF-A3F0-C36DEF9E27A2}.Debug|x64.ActiveCfg = Debug|x64
		{F8CFBAA7-72AE-4CEF-A3F0-C36DEF9E27A2}.Debug|x64.Build.0 = Debug|x64
		{F8CFBAA7-72AE-4CEF-A3F0-C36DEF9E27A2}.Release|Any CPU.ActiveCfg = Release|Win32
		{F8CFBAA7-72AE-4CEF-A3F0-C36DEF9E27A2}.Release|ARM.ActiveCfg = Release|ARM
		{F8CFBAA7-72AE-4CEF-A3F0-C36DEF9E27A2}.Release|ARM.Build.0 = Release|ARM
		{F8CFBAA7-72AE-4CEF-A3F0-C36DEF9E27A2}.Release|Mixed Platforms.ActiveCfg = Release|Win32
		{F8CFBAA7-72AE-4CEF-A3F0-C36DEF9E27A2}.Release|Mixed Platforms.Build.0 = Release|Win32
		{F8CFBAA7-72AE-4CEF-A3F0-C36DEF9E27A2}.Release|Win32.ActiveCfg = Release|Win32
		{F8CFBAA7-72AE-4CEF-A3F0-C36DEF9E27A2}.Release|Win32.Build.0 = Release|Win32
		{F8CFBAA7-72AE-4CEF-A3F0-C36DEF9E27A2}.Release|x64.ActiveCfg = Release|x64
		{F8CFBAA7-72AE-4CEF-A3F0-C36DEF9E27A2}.Release|x64.Build.0 = Release|x64
		{E99D0321-BAC4-4A98-A34D-05BCCF10198A}.Debug|Any CPU.ActiveCfg = Debug|Any CPU
		{E99D0321-BAC4-4A98-A34D-05BCCF10198A}.Debug|Any CPU.Build.0 = Debug|Any CPU
		{E99D0321-BAC4-4A98-A34D-05BCCF10198A}.Debug|ARM.ActiveCfg = Debug|Any CPU
		{E99D0321-BAC4-4A98-A34D-05BCCF10198A}.Debug|Mixed Platforms.ActiveCfg = Debug|Any CPU
		{E99D0321-BAC4-4A98-A34D-05BCCF10198A}.Debug|Mixed Platforms.Build.0 = Debug|Any CPU
		{E99D0321-BAC4-4A98-A34D-05BCCF10198A}.Debug|Win32.ActiveCfg = Debug|Any CPU
		{E99D0321-BAC4-4A98-A34D-05BCCF10198A}.Debug|x64.ActiveCfg = Debug|Any CPU
		{E99D0321-BAC4-4A98-A34D-05BCCF10198A}.Release|Any CPU.ActiveCfg = Release|Any CPU
		{E99D0321-BAC4-4A98-A34D-05BCCF10198A}.Release|Any CPU.Build.0 = Release|Any CPU
		{E99D0321-BAC4-4A98-A34D-05BCCF10198A}.Release|ARM.ActiveCfg = Release|Any CPU
		{E99D0321-BAC4-4A98-A34D-05BCCF10198A}.Release|Mixed Platforms.ActiveCfg = Release|Any CPU
		{E99D0321-BAC4-4A98-A34D-05BCCF10198A}.Release|Mixed Platforms.Build.0 = Release|Any CPU
		{E99D0321-BAC4-4A98-A34D-05BCCF10198A}.Release|Win32.ActiveCfg = Release|Any CPU
		{E99D0321-BAC4-4A98-A34D-05BCCF10198A}.Release|x64.ActiveCfg = Release|Any CPU
	EndGlobalSection
	GlobalSection(SolutionProperties) = preSolution
		HideSolutionNode = FALSE
	EndGlobalSection
EndGlobal
